
Microsoft Visual Studio Solution File, Format Version 12.00
# Visual Studio Version 17
VisualStudioVersion = 17.8.34309.116
MinimumVisualStudioVersion = 10.0.40219.1
Project("{FAE04EC0-301F-11D3-BF4B-00C04F79EFBC}") = "ConsoleCoding", "ConsoleCoding\ConsoleCoding.csproj", "{B088D033-CD5E-48AA-BC07-A94EAB2B92AD}"
EndProject
Global
	GlobalSection(SolutionConfigurationPlatforms) = preSolution
		Debug|Any CPU = Debug|Any CPU
		Release|Any CPU = Release|Any CPU
	EndGlobalSection
	GlobalSection(ProjectConfigurationPlatforms) = postSolution
		{B088D033-CD5E-48AA-BC07-A94EAB2B92AD}.Debug|Any CPU.ActiveCfg = Debug|Any CPU
		{B088D033-CD5E-48AA-BC07-A94EAB2B92AD}.Debug|Any CPU.Build.0 = Debug|Any CPU
		{B088D033-CD5E-48AA-BC07-A94EAB2B92AD}.Release|Any CPU.ActiveCfg = Release|Any CPU
		{B088D033-CD5E-48AA-BC07-A94EAB2B92AD}.Release|Any CPU.Build.0 = Release|Any CPU
	EndGlobalSection
	GlobalSection(SolutionProperties) = preSolution
		HideSolutionNode = FALSE
	EndGlobalSection
	GlobalSection(ExtensibilityGlobals) = postSolution
		SolutionGuid = {19F7883E-425F-482B-BDCF-EEB009248932}
	EndGlobalSection
EndGlobal
